
Microsoft Visual Studio Solution File, Format Version 12.00
# Visual Studio Version 17
VisualStudioVersion = 17.5.001.0
MinimumVisualStudioVersion = 10.0.40219.1
Project("{9A19103F-16F7-4668-BE54-9A1E7A4F7556}") = "Zadacha_2", "Zadacha_2.csproj", "{16BD532A-6659-422C-863C-AE7F3DBD410F}"
EndProject
Global
	GlobalSection(SolutionConfigurationPlatforms) = preSolution
		Debug|Any CPU = Debug|Any CPU
		Release|Any CPU = Release|Any CPU
	EndGlobalSection
	GlobalSection(ProjectConfigurationPlatforms) = postSolution
		{16BD532A-6659-422C-863C-AE7F3DBD410F}.Debug|Any CPU.ActiveCfg = Debug|Any CPU
		{16BD532A-6659-422C-863C-AE7F3DBD410F}.Debug|Any CPU.Build.0 = Debug|Any CPU
		{16BD532A-6659-422C-863C-AE7F3DBD410F}.Release|Any CPU.ActiveCfg = Release|Any CPU
		{16BD532A-6659-422C-863C-AE7F3DBD410F}.Release|Any CPU.Build.0 = Release|Any CPU
	EndGlobalSection
	GlobalSection(SolutionProperties) = preSolution
		HideSolutionNode = FALSE
	EndGlobalSection
	GlobalSection(ExtensibilityGlobals) = postSolution
		SolutionGuid = {12BEEDF2-5DC7-419D-B913-35BDBC3DD9F1}
	EndGlobalSection
EndGlobal
